
Microsoft Visual Studio Solution File, Format Version 11.00
# Visual Studio 2010
Project("{FAE04EC0-301F-11D3-BF4B-00C04F79EFBC}") = "TeleHelp.Interfaces", "TeleHelp.Interfaces\TeleHelp.Interfaces.csproj", "{CA9A7359-5A82-4E38-9048-7521150DC36F}"
EndProject
Project("{FAE04EC0-301F-11D3-BF4B-00C04F79EFBC}") = "TeleHelp.Negocios", "TeleHelp.Negocios\TeleHelp.Negocios.csproj", "{A5AF1F7F-13E5-49B7-B825-1664A27185E6}"
EndProject
Project("{FAE04EC0-301F-11D3-BF4B-00C04F79EFBC}") = "TeleHelp.Modelos", "TeleHelp.Modelos\TeleHelp.Modelos.csproj", "{0E0EC77C-7BB3-4283-BA5A-3151B526792D}"
EndProject
Global
	GlobalSection(SolutionConfigurationPlatforms) = preSolution
		Debug|Any CPU = Debug|Any CPU
		Debug|Mixed Platforms = Debug|Mixed Platforms
		Debug|x86 = Debug|x86
		Release|Any CPU = Release|Any CPU
		Release|Mixed Platforms = Release|Mixed Platforms
		Release|x86 = Release|x86
	EndGlobalSection
	GlobalSection(ProjectConfigurationPlatforms) = postSolution
		{CA9A7359-5A82-4E38-9048-7521150DC36F}.Debug|Any CPU.ActiveCfg = Debug|x86
		{CA9A7359-5A82-4E38-9048-7521150DC36F}.Debug|Mixed Platforms.ActiveCfg = Debug|x86
		{CA9A7359-5A82-4E38-9048-7521150DC36F}.Debug|Mixed Platforms.Build.0 = Debug|x86
		{CA9A7359-5A82-4E38-9048-7521150DC36F}.Debug|x86.ActiveCfg = Debug|x86
		{CA9A7359-5A82-4E38-9048-7521150DC36F}.Debug|x86.Build.0 = Debug|x86
		{CA9A7359-5A82-4E38-9048-7521150DC36F}.Release|Any CPU.ActiveCfg = Release|x86
		{CA9A7359-5A82-4E38-9048-7521150DC36F}.Release|Mixed Platforms.ActiveCfg = Release|x86
		{CA9A7359-5A82-4E38-9048-7521150DC36F}.Release|Mixed Platforms.Build.0 = Release|x86
		{CA9A7359-5A82-4E38-9048-7521150DC36F}.Release|x86.ActiveCfg = Release|x86
		{CA9A7359-5A82-4E38-9048-7521150DC36F}.Release|x86.Build.0 = Release|x86
		{A5AF1F7F-13E5-49B7-B825-1664A27185E6}.Debug|Any CPU.ActiveCfg = Debug|Any CPU
		{A5AF1F7F-13E5-49B7-B825-1664A27185E6}.Debug|Any CPU.Build.0 = Debug|Any CPU
		{A5AF1F7F-13E5-49B7-B825-1664A27185E6}.Debug|Mixed Platforms.ActiveCfg = Debug|Any CPU
		{A5AF1F7F-13E5-49B7-B825-1664A27185E6}.Debug|Mixed Platforms.Build.0 = Debug|Any CPU
		{A5AF1F7F-13E5-49B7-B825-1664A27185E6}.Debug|x86.ActiveCfg = Debug|Any CPU
		{A5AF1F7F-13E5-49B7-B825-1664A27185E6}.Release|Any CPU.ActiveCfg = Release|Any CPU
		{A5AF1F7F-13E5-49B7-B825-1664A27185E6}.Release|Any CPU.Build.0 = Release|Any CPU
		{A5AF1F7F-13E5-49B7-B825-1664A27185E6}.Release|Mixed Platforms.ActiveCfg = Release|Any CPU
		{A5AF1F7F-13E5-49B7-B825-1664A27185E6}.Release|Mixed Platforms.Build.0 = Release|Any CPU
		{A5AF1F7F-13E5-49B7-B825-1664A27185E6}.Release|x86.ActiveCfg = Release|Any CPU
		{0E0EC77C-7BB3-4283-BA5A-3151B526792D}.Debug|Any CPU.ActiveCfg = Debug|Any CPU
		{0E0EC77C-7BB3-4283-BA5A-3151B526792D}.Debug|Any CPU.Build.0 = Debug|Any CPU
		{0E0EC77C-7BB3-4283-BA5A-3151B526792D}.Debug|Mixed Platforms.ActiveCfg = Debug|Any CPU
		{0E0EC77C-7BB3-4283-BA5A-3151B526792D}.Debug|Mixed Platforms.Build.0 = Debug|Any CPU
		{0E0EC77C-7BB3-4283-BA5A-3151B526792D}.Debug|x86.ActiveCfg = Debug|Any CPU
		{0E0EC77C-7BB3-4283-BA5A-3151B526792D}.Release|Any CPU.ActiveCfg = Release|Any CPU
		{0E0EC77C-7BB3-4283-BA5A-3151B526792D}.Release|Any CPU.Build.0 = Release|Any CPU
		{0E0EC77C-7BB3-4283-BA5A-3151B526792D}.Release|Mixed Platforms.ActiveCfg = Release|Any CPU
		{0E0EC77C-7BB3-4283-BA5A-3151B526792D}.Release|Mixed Platforms.Build.0 = Release|Any CPU
		{0E0EC77C-7BB3-4283-BA5A-3151B526792D}.Release|x86.ActiveCfg = Release|Any CPU
	EndGlobalSection
	GlobalSection(SolutionProperties) = preSolution
		HideSolutionNode = FALSE
	EndGlobalSection
EndGlobal
